
Microsoft Visual Studio Solution File, Format Version 12.00
# Visual Studio 15
VisualStudioVersion = 15.0.27130.2027
MinimumVisualStudioVersion = 10.0.40219.1
Project("{F2A71F9B-5D33-465A-A702-920D77279786}") = "StationWalk.Server", "StationWalk.Server\StationWalk.Server.fsproj", "{28E0AFCA-5767-4AFE-85B7-EBF6A550F83F}"
EndProject
Global
	GlobalSection(SolutionConfigurationPlatforms) = preSolution
		Debug|Any CPU = Debug|Any CPU
		Release|Any CPU = Release|Any CPU
	EndGlobalSection
	GlobalSection(ProjectConfigurationPlatforms) = postSolution
		{28E0AFCA-5767-4AFE-85B7-EBF6A550F83F}.Debug|Any CPU.ActiveCfg = Debug|Any CPU
		{28E0AFCA-5767-4AFE-85B7-EBF6A550F83F}.Debug|Any CPU.Build.0 = Debug|Any CPU
		{28E0AFCA-5767-4AFE-85B7-EBF6A550F83F}.Release|Any CPU.ActiveCfg = Release|Any CPU
		{28E0AFCA-5767-4AFE-85B7-EBF6A550F83F}.Release|Any CPU.Build.0 = Release|Any CPU
	EndGlobalSection
	GlobalSection(SolutionProperties) = preSolution
		HideSolutionNode = FALSE
	EndGlobalSection
	GlobalSection(ExtensibilityGlobals) = postSolution
		SolutionGuid = {F81F5A40-7BBD-42CB-B6C1-231985B58336}
	EndGlobalSection
EndGlobal
